
Microsoft Visual Studio Solution File, Format Version 12.00
# Visual Studio Version 16
VisualStudioVersion = 16.0.29324.140
MinimumVisualStudioVersion = 10.0.40219.1
Project("{F184B08F-C81C-45F6-A57F-5ABD9991F28F}") = "Verkoop", "Verkoop.vbproj", "{A41F5A98-5E02-47B1-90BA-53B1518FD396}"
EndProject
Project("{F184B08F-C81C-45F6-A57F-5ABD9991F28F}") = "Verkoop.Tests", "..\Verkoop.Tests\Verkoop.Tests.vbproj", "{253DC2FC-1B0C-4CE1-B5F1-AA7A636C6E67}"
EndProject
Global
	GlobalSection(SolutionConfigurationPlatforms) = preSolution
		Debug|Any CPU = Debug|Any CPU
		Release|Any CPU = Release|Any CPU
	EndGlobalSection
	GlobalSection(ProjectConfigurationPlatforms) = postSolution
		{A41F5A98-5E02-47B1-90BA-53B1518FD396}.Debug|Any CPU.ActiveCfg = Debug|Any CPU
		{A41F5A98-5E02-47B1-90BA-53B1518FD396}.Debug|Any CPU.Build.0 = Debug|Any CPU
		{A41F5A98-5E02-47B1-90BA-53B1518FD396}.Release|Any CPU.ActiveCfg = Release|Any CPU
		{A41F5A98-5E02-47B1-90BA-53B1518FD396}.Release|Any CPU.Build.0 = Release|Any CPU
		{253DC2FC-1B0C-4CE1-B5F1-AA7A636C6E67}.Debug|Any CPU.ActiveCfg = Debug|Any CPU
		{253DC2FC-1B0C-4CE1-B5F1-AA7A636C6E67}.Debug|Any CPU.Build.0 = Debug|Any CPU
		{253DC2FC-1B0C-4CE1-B5F1-AA7A636C6E67}.Release|Any CPU.ActiveCfg = Release|Any CPU
		{253DC2FC-1B0C-4CE1-B5F1-AA7A636C6E67}.Release|Any CPU.Build.0 = Release|Any CPU
	EndGlobalSection
	GlobalSection(SolutionProperties) = preSolution
		HideSolutionNode = FALSE
	EndGlobalSection
	GlobalSection(ExtensibilityGlobals) = postSolution
		SolutionGuid = {2F9323B0-BEAD-4A69-9D0D-E58D75C6B464}
	EndGlobalSection
EndGlobal
